
Microsoft Visual Studio Solution File, Format Version 12.00
# Visual Studio 15
VisualStudioVersion = 15.0.27703.2000
MinimumVisualStudioVersion = 10.0.40219.1
Project("{FAE04EC0-301F-11D3-BF4B-00C04F79EFBC}") = "GitHubApiLib", "GitHubApiLib\GitHubApiLib.csproj", "{2C03772D-3BB9-45BB-A1D3-8E836FA73EFD}"
EndProject
Global
	GlobalSection(SolutionConfigurationPlatforms) = preSolution
		Debug|Any CPU = Debug|Any CPU
		Release|Any CPU = Release|Any CPU
	EndGlobalSection
	GlobalSection(ProjectConfigurationPlatforms) = postSolution
		{2C03772D-3BB9-45BB-A1D3-8E836FA73EFD}.Debug|Any CPU.ActiveCfg = Debug|Any CPU
		{2C03772D-3BB9-45BB-A1D3-8E836FA73EFD}.Debug|Any CPU.Build.0 = Debug|Any CPU
		{2C03772D-3BB9-45BB-A1D3-8E836FA73EFD}.Release|Any CPU.ActiveCfg = Release|Any CPU
		{2C03772D-3BB9-45BB-A1D3-8E836FA73EFD}.Release|Any CPU.Build.0 = Release|Any CPU
	EndGlobalSection
	GlobalSection(SolutionProperties) = preSolution
		HideSolutionNode = FALSE
	EndGlobalSection
	GlobalSection(ExtensibilityGlobals) = postSolution
		SolutionGuid = {D54B5102-134E-430E-9C16-61730AABA566}
	EndGlobalSection
EndGlobal
